
Microsoft Visual Studio Solution File, Format Version 12.00
# Visual Studio Version 17
VisualStudioVersion = 17.14.36603.0 d17.14
MinimumVisualStudioVersion = 10.0.40219.1
Project("{FAE04EC0-301F-11D3-BF4B-00C04F79EFBC}") = "Keylogger", "Keylogger\Keylogger.csproj", "{B24BB68E-7AE1-426F-872F-073CADF6158B}"
EndProject
Global
	GlobalSection(SolutionConfigurationPlatforms) = preSolution
		Debug|Any CPU = Debug|Any CPU
		Release|Any CPU = Release|Any CPU
	EndGlobalSection
	GlobalSection(ProjectConfigurationPlatforms) = postSolution
		{B24BB68E-7AE1-426F-872F-073CADF6158B}.Debug|Any CPU.ActiveCfg = Debug|Any CPU
		{B24BB68E-7AE1-426F-872F-073CADF6158B}.Debug|Any CPU.Build.0 = Debug|Any CPU
		{B24BB68E-7AE1-426F-872F-073CADF6158B}.Release|Any CPU.ActiveCfg = Release|Any CPU
		{B24BB68E-7AE1-426F-872F-073CADF6158B}.Release|Any CPU.Build.0 = Release|Any CPU
	EndGlobalSection
	GlobalSection(SolutionProperties) = preSolution
		HideSolutionNode = FALSE
	EndGlobalSection
	GlobalSection(ExtensibilityGlobals) = postSolution
		SolutionGuid = {4ED00C18-AFF1-4D02-8E49-8DDDC03E4C93}
	EndGlobalSection
EndGlobal
